
Microsoft Visual Studio Solution File, Format Version 12.00
Project("{FAE04EC0-301F-11D3-BF4B-00C04F79EFBC}") = "Mockiu", "Mockiu\Mockiu.csproj", "{637B82ED-D1EE-400B-841F-712B983E102A}"
EndProject
Project("{FAE04EC0-301F-11D3-BF4B-00C04F79EFBC}") = "Tests", "Tests\Tests.csproj", "{FEC43889-E692-4D62-90CA-DFE361B76589}"
EndProject
Global
	GlobalSection(SolutionConfigurationPlatforms) = preSolution
		Debug|Any CPU = Debug|Any CPU
		Release|Any CPU = Release|Any CPU
	EndGlobalSection
	GlobalSection(ProjectConfigurationPlatforms) = postSolution
		{637B82ED-D1EE-400B-841F-712B983E102A}.Debug|Any CPU.ActiveCfg = Debug|Any CPU
		{637B82ED-D1EE-400B-841F-712B983E102A}.Debug|Any CPU.Build.0 = Debug|Any CPU
		{637B82ED-D1EE-400B-841F-712B983E102A}.Release|Any CPU.ActiveCfg = Release|Any CPU
		{637B82ED-D1EE-400B-841F-712B983E102A}.Release|Any CPU.Build.0 = Release|Any CPU
		{FEC43889-E692-4D62-90CA-DFE361B76589}.Debug|Any CPU.ActiveCfg = Debug|Any CPU
		{FEC43889-E692-4D62-90CA-DFE361B76589}.Debug|Any CPU.Build.0 = Debug|Any CPU
		{FEC43889-E692-4D62-90CA-DFE361B76589}.Release|Any CPU.ActiveCfg = Release|Any CPU
		{FEC43889-E692-4D62-90CA-DFE361B76589}.Release|Any CPU.Build.0 = Release|Any CPU
	EndGlobalSection
EndGlobal
